# Pinned offline dependencies for RHEL 9 (Python 3.9, x86_64). Fields: sha256  filename  url
# Fetch with scripts/fetch_reporting_wheels.sh on a connected workstation; the installer verifies every hash.
eb2745525a982d9880babb991619e97ac3f661fae30571b7d50387026ca765ee  reportlab-4.2.5-py3-none-any.whl  https://files.pythonhosted.org/packages/73/12/6444906db1bc65d3a8118afb089d53c7eeca0726164f51eb3599de1d0665/reportlab-4.2.5-py3-none-any.whl
5282c12b107bffeef825f4617dc029afaf41d0ea60823bbb665ef3079dc79de2  openpyxl-3.1.5-py2.py3-none-any.whl  https://files.pythonhosted.org/packages/c0/da/977ded879c29cbd04de313843e76868e6e13408a94ed6b987245dc7c8506/openpyxl-3.1.5-py2.py3-none-any.whl
7a91720bc756843502c3b7504c77b8fe44217c85c537d85037f0f536151b2caa  et_xmlfile-2.0.0-py3-none-any.whl  https://files.pythonhosted.org/packages/c1/8b/5fe2cc11fee489817272089c4203e679c63b570a5aaeb18d852ae3cbba6a/et_xmlfile-2.0.0-py3-none-any.whl
930044bb7679ab003b14023138b50181899da3f25de50e9dbee23b61b4de2126  pillow-10.4.0-cp39-cp39-manylinux_2_17_x86_64.manylinux2014_x86_64.whl  https://files.pythonhosted.org/packages/32/3f/c02268d0c6fb6b3958bdda673c17b315c821d97df29ae6969f20fb49388a/pillow-10.4.0-cp39-cp39-manylinux_2_17_x86_64.manylinux2014_x86_64.whl
309a7de0a0ff3040acaebb35ec45d18db4b28232f21998851cfa709eeff49d62  charset_normalizer-3.4.0-cp39-cp39-manylinux_2_17_x86_64.manylinux2014_x86_64.whl  https://files.pythonhosted.org/packages/28/89/60f51ad71f63aaaa7e51a2a2ad37919985a341a1d267070f212cdf6c2d22/charset_normalizer-3.4.0-cp39-cp39-manylinux_2_17_x86_64.manylinux2014_x86_64.whl
